{
  "name": "world_map",
  "lockfileVersion": 3,
  "requires": true,
  "packages": {
    "": {
      "dependencies": {
        "undici": "^7.10.0"
      }
    },
    "node_modules/undici": {
      "version": "7.10.0",
      "resolved": "https://registry.npmjs.org/undici/-/undici-7.10.0.tgz",
      "integrity": "sha512-u5otvFBOBZvmdjWLVW+5DAc9Nkq8f24g0O9oY7qw2JVIF1VocIFoyz9JFkuVOS2j41AufeO0xnlweJ2RLT8nGw==",
      "license": "MIT",
      "engines": {
        "node": ">=20.18.1"
      }
    }
  }
}
